
Microsoft Visual Studio Solution File, Format Version 12.00
# Visual Studio Version 16
VisualStudioVersion = 16.0.32901.82
MinimumVisualStudioVersion = 10.0.40219.1
Project("{FAE04EC0-301F-11D3-BF4B-00C04F79EFBC}") = "Задание Crud создание клиента", "Задание Crud создание клиента.csproj", "{8136FC6E-EA50-4F09-8867-523AC3E453E8}"
EndProject
Global
	GlobalSection(SolutionConfigurationPlatforms) = preSolution
		Debug|Any CPU = Debug|Any CPU
		Release|Any CPU = Release|Any CPU
	EndGlobalSection
	GlobalSection(ProjectConfigurationPlatforms) = postSolution
		{8136FC6E-EA50-4F09-8867-523AC3E453E8}.Debug|Any CPU.ActiveCfg = Debug|Any CPU
		{8136FC6E-EA50-4F09-8867-523AC3E453E8}.Debug|Any CPU.Build.0 = Debug|Any CPU
		{8136FC6E-EA50-4F09-8867-523AC3E453E8}.Release|Any CPU.ActiveCfg = Release|Any CPU
		{8136FC6E-EA50-4F09-8867-523AC3E453E8}.Release|Any CPU.Build.0 = Release|Any CPU
	EndGlobalSection
	GlobalSection(SolutionProperties) = preSolution
		HideSolutionNode = FALSE
	EndGlobalSection
	GlobalSection(ExtensibilityGlobals) = postSolution
		SolutionGuid = {2A9BCCF9-9BF2-4C4A-9BAD-9AA6B086276A}
	EndGlobalSection
EndGlobal
